
Microsoft Visual Studio Solution File, Format Version 12.00
# Visual Studio Version 17
VisualStudioVersion = 17.3.32901.215
MinimumVisualStudioVersion = 10.0.40219.1
Project("{FAE04EC0-301F-11D3-BF4B-00C04F79EFBC}") = "SimplerWebApp", "SimplerWebApp\SimplerWebApp.csproj", "{746FBCF6-9329-4E7B-8E8F-BF44C80D4933}"
EndProject
Global
	GlobalSection(SolutionConfigurationPlatforms) = preSolution
		Debug|Any CPU = Debug|Any CPU
		Release|Any CPU = Release|Any CPU
	EndGlobalSection
	GlobalSection(ProjectConfigurationPlatforms) = postSolution
		{746FBCF6-9329-4E7B-8E8F-BF44C80D4933}.Debug|Any CPU.ActiveCfg = Debug|Any CPU
		{746FBCF6-9329-4E7B-8E8F-BF44C80D4933}.Debug|Any CPU.Build.0 = Debug|Any CPU
		{746FBCF6-9329-4E7B-8E8F-BF44C80D4933}.Release|Any CPU.ActiveCfg = Release|Any CPU
		{746FBCF6-9329-4E7B-8E8F-BF44C80D4933}.Release|Any CPU.Build.0 = Release|Any CPU
	EndGlobalSection
	GlobalSection(SolutionProperties) = preSolution
		HideSolutionNode = FALSE
	EndGlobalSection
	GlobalSection(ExtensibilityGlobals) = postSolution
		SolutionGuid = {CF730FC8-C41E-4252-AADD-44759B51BD33}
	EndGlobalSection
EndGlobal
